// !$*UTF8*$!
{
	archiveVersion = 1;
	classes = {
	};
	objectVersion = 50;
	objects = {

/* Begin PBXBuildFile section */
		3FFF484C21C4D7AA0035A817 /* AppDelegate.swift in Sources */ = {isa = PBXBuildFile; fileRef = 3FFF484B21C4D7AA0035A817 /* AppDelegate.swift */; };
		3FFF484E21C4D7AA0035A817 /* ViewController.swift in Sources */ = {isa = PBXBuildFile; fileRef = 3FFF484D21C4D7AA0035A817 /* ViewController.swift */; };
		3FFF485121C4D7AA0035A817 /* Main.storyboard in Resources */ = {isa = PBXBuildFile; fileRef = 3FFF484F21C4D7AA0035A817 /* Main.storyboard */; };
		3FFF485421C4D7AB0035A817 /* CoreData1.xcdatamodeld in Sources */ = {isa = PBXBuildFile; fileRef = 3FFF485221C4D7AB0035A817 /* CoreData1.xcdatamodeld */; };
		3FFF485621C4D7AC0035A817 /* Assets.xcassets in Resources */ = {isa = PBXBuildFile; fileRef = 3FFF485521C4D7AC0035A817 /* Assets.xcassets */; };
		3FFF485921C4D7AC0035A817 /* LaunchScreen.storyboard in Resources */ = {isa = PBXBuildFile; fileRef = 3FFF485721C4D7AC0035A817 /* LaunchScreen.storyboard */; };
		3FFF486121C4DF860035A817 /* PersonsTableViewController.swift in Sources */ = {isa = PBXBuildFile; fileRef = 3FFF486021C4DF860035A817 /* PersonsTableViewController.swift */; };
		3FFF486321C4E4270035A817 /* DetailViewController.swift in Sources */ = {isa = PBXBuildFile; fileRef = 3FFF486221C4E4270035A817 /* DetailViewController.swift */; };
/* End PBXBuildFile section */

/* Begin PBXFileReference section */
		3FFF484821C4D7AA0035A817 /* CoreData1.app */ = {isa = PBXFileReference; explicitFileType = wrapper.application; includeInIndex = 0; path = CoreData1.app; sourceTree = BUILT_PRODUCTS_DIR; };
		3FFF484B21C4D7AA0035A817 /* AppDelegate.swift */ = {isa = PBXFileReference; lastKnownFileType = sourcecode.swift; path = AppDelegate.swift; sourceTree = "<group>"; };
		3FFF484D21C4D7AA0035A817 /* ViewController.swift */ = {isa = PBXFileReference; lastKnownFileType = sourcecode.swift; path = ViewController.swift; sourceTree = "<group>"; };
		3FFF485021C4D7AA0035A817 /* Base */ = {isa = PBXFileReference; lastKnownFileType = file.storyboard; name = Base; path = Base.lproj/Main.storyboard; sourceTree = "<group>"; };
		3FFF485321C4D7AB0035A817 /* CoreData1.xcdatamodel */ = {isa = PBXFileReference; lastKnownFileType = wrapper.xcdatamodel; path = CoreData1.xcdatamodel; sourceTree = "<group>"; };
		3FFF485521C4D7AC0035A817 /* Assets.xcassets */ = {isa = PBXFileReference; lastKnownFileType = folder.assetcatalog; path = Assets.xcassets; sourceTree = "<group>"; };
		3FFF485821C4D7AC0035A817 /* Base */ = {isa = PBXFileReference; lastKnownFileType = file.storyboard; name = Base; path = Base.lproj/LaunchScreen.storyboard; sourceTree = "<group>"; };
		3FFF485A21C4D7AC0035A817 /* Info.plist */ = {isa = PBXFileReference; lastKnownFileType = text.plist.xml; path = Info.plist; sourceTree = "<group>"; };
		3FFF486021C4DF860035A817 /* PersonsTableViewController.swift */ = {isa = PBXFileReference; lastKnownFileType = sourcecode.swift; path = PersonsTableViewController.swift; sourceTree = "<group>"; };
		3FFF486221C4E4270035A817 /* DetailViewController.swift */ = {isa = PBXFileReference; lastKnownFileType = sourcecode.swift; path = DetailViewController.swift; sourceTree = "<group>"; };
/* End PBXFileReference section */

/* Begin PBXFrameworksBuildPhase section */
		3FFF484521C4D7AA0035A817 /* Frameworks */ = {
			isa = PBXFrameworksBuildPhase;
			buildActionMask = 2147483647;
			files = (
			);
			runOnlyForDeploymentPostprocessing = 0;
		};
/* End PBXFrameworksBuildPhase section */

/* Begin PBXGroup section */
		3FFF483F21C4D7AA0035A817 = {
			isa = PBXGroup;
			children = (
				3FFF484A21C4D7AA0035A817 /* CoreData1 */,
				3FFF484921C4D7AA0035A817 /* Products */,
			);
			sourceTree = "<group>";
		};
		3FFF484921C4D7AA0035A817 /* Products */ = {
			isa = PBXGroup;
			children = (
				3FFF484821C4D7AA0035A817 /* CoreData1.app */,
			);
			name = Products;
			sourceTree = "<group>";
		};
		3FFF484A21C4D7AA0035A817 /* CoreData1 */ = {
			isa = PBXGroup;
			children = (
				3FFF484B21C4D7AA0035A817 /* AppDelegate.swift */,
				3FFF484D21C4D7AA0035A817 /* ViewController.swift */,
				3FFF484F21C4D7AA0035A817 /* Main.storyboard */,
				3FFF486221C4E4270035A817 /* DetailViewController.swift */,
				3FFF486021C4DF860035A817 /* PersonsTableViewController.swift */,
				3FFF485521C4D7AC0035A817 /* Assets.xcassets */,
				3FFF485721C4D7AC0035A817 /* LaunchScreen.storyboard */,
				3FFF485A21C4D7AC0035A817 /* Info.plist */,
				3FFF485221C4D7AB0035A817 /* CoreData1.xcdatamodeld */,
			);
			path = CoreData1;
			sourceTree = "<group>";
		};
/* End PBXGroup section */

/* Begin PBXNativeTarget section */
		3FFF484721C4D7AA0035A817 /* CoreData1 */ = {
			isa = PBXNativeTarget;
			buildConfigurationList = 3FFF485D21C4D7AC0035A817 /* Build configuration list for PBXNativeTarget "CoreData1" */;
			buildPhases = (
				3FFF484421C4D7AA0035A817 /* Sources */,
				3FFF484521C4D7AA0035A817 /* Frameworks */,
				3FFF484621C4D7AA0035A817 /* Resources */,
			);
			buildRules = (
			);
			dependencies = (
			);
			name = CoreData1;
			productName = CoreData1;
			productReference = 3FFF484821C4D7AA0035A817 /* CoreData1.app */;
			productType = "com.apple.product-type.application";
		};
/* End PBXNativeTarget section */

/* Begin PBXProject section */
		3FFF484021C4D7AA0035A817 /* Project object */ = {
			isa = PBXProject;
			attributes = {
				LastSwiftUpdateCheck = 1000;
				LastUpgradeCheck = 1000;
				ORGANIZATIONNAME = sjj;
				TargetAttributes = {
					3FFF484721C4D7AA0035A817 = {
						CreatedOnToolsVersion = 10.0;
					};
				};
			};
			buildConfigurationList = 3FFF484321C4D7AA0035A817 /* Build configuration list for PBXProject "CoreData1" */;
			compatibilityVersion = "Xcode 9.3";
			developmentRegion = en;
			hasScannedForEncodings = 0;
			knownRegions = (
				en,
				Base,
			);
			mainGroup = 3FFF483F21C4D7AA0035A817;
			productRefGroup = 3FFF484921C4D7AA0035A817 /* Products */;
			projectDirPath = "";
			projectRoot = "";
			targets = (
				3FFF484721C4D7AA0035A817 /* CoreData1 */,
			);
		};
/* End PBXProject section */

/* Begin PBXResourcesBuildPhase section */
		3FFF484621C4D7AA0035A817 /* Resources */ = {
			isa = PBXResourcesBuildPhase;
			buildActionMask = 2147483647;
			files = (
				3FFF485921C4D7AC0035A817 /* LaunchScreen.storyboard in Resources */,
				3FFF485621C4D7AC0035A817 /* Assets.xcassets in Resources */,
				3FFF485121C4D7AA0035A817 /* Main.storyboard in Resources */,
			);
			runOnlyForDeploymentPostprocessing = 0;
		};
/* End PBXResourcesBuildPhase section */

/* Begin PBXSourcesBuildPhase section */
		3FFF484421C4D7AA0035A817 /* Sources */ = {
			isa = PBXSourcesBuildPhase;
			buildActionMask = 2147483647;
			files = (
				3FFF486121C4DF860035A817 /* PersonsTableViewController.swift in Sources */,
				3FFF484E21C4D7AA0035A817 /* ViewController.swift in Sources */,
				3FFF486321C4E4270035A817 /* DetailViewController.swift in Sources */,
				3FFF484C21C4D7AA0035A817 /* AppDelegate.swift in Sources */,
				3FFF485421C4D7AB0035A817 /* CoreData1.xcdatamodeld in Sources */,
			);
			runOnlyForDeploymentPostprocessing = 0;
		};
/* End PBXSourcesBuildPhase section */

/* Begin PBXVariantGroup section */
		3FFF484F21C4D7AA0035A817 /* Main.storyboard */ = {
			isa = PBXVariantGroup;
			children = (
				3FFF485021C4D7AA0035A817 /* Base */,
			);
			name = Main.storyboard;
			sourceTree = "<group>";
		};
		3FFF485721C4D7AC0035A817 /* LaunchScreen.storyboard */ = {
			isa = PBXVariantGroup;
			children = (
				3FFF485821C4D7AC0035A817 /* Base */,
			);
			name = LaunchScreen.storyboard;
			sourceTree = "<group>";
		};
/* End PBXVariantGroup section */

/* Begin XCBuildConfiguration section */
		3FFF485B21C4D7AC0035A817 /* Debug */ = {
			isa = XCBuildConfiguration;
			buildSettings = {
				ALWAYS_SEARCH_USER_PATHS = NO;
				CLANG_ANALYZER_NONNULL = YES;
				CLANG_ANALYZER_NUMBER_OBJECT_CONVERSION = YES_AGGRESSIVE;
				CLANG_CXX_LANGUAGE_STANDARD = "gnu++14";
				CLANG_CXX_LIBRARY = "libc++";
				CLANG_ENABLE_MODULES = YES;
				CLANG_ENABLE_OBJC_ARC = YES;
				CLANG_ENABLE_OBJC_WEAK = YES;
				CLANG_WARN_BLOCK_CAPTURE_AUTORELEASING = YES;
				CLANG_WARN_BOOL_CONVERSION = YES;
				CLANG_WARN_COMMA = YES;
				CLANG_WARN_CONSTANT_CONVERSION = YES;
				CLANG_WARN_DEPRECATED_OBJC_IMPLEMENTATIONS = YES;
				CLANG_WARN_DIRECT_OBJC_ISA_USAGE = YES_ERROR;
				CLANG_WARN_DOCUMENTATION_COMMENTS = YES;
				CLANG_WARN_EMPTY_BODY = YES;
				CLANG_WARN_ENUM_CONVERSION = YES;
				CLANG_WARN_INFINITE_RECURSION = YES;
				CLANG_WARN_INT_CONVERSION = YES;
				CLANG_WARN_NON_LITERAL_NULL_CONVERSION = YES;
				CLANG_WARN_OBJC_IMPLICIT_RETAIN_SELF = YES;
				CLANG_WARN_OBJC_LITERAL_CONVERSION = YES;
				CLANG_WARN_OBJC_ROOT_CLASS = YES_ERROR;
				CLANG_WARN_RANGE_LOOP_ANALYSIS = YES;
				CLANG_WARN_STRICT_PROTOTYPES = YES;
				CLANG_WARN_SUSPICIOUS_MOVE = YES;
				CLANG_WARN_UNGUARDED_AVAILABILITY = YES_AGGRESSIVE;
				CLANG_WARN_UNREACHABLE_CODE = YES;
				CLANG_WARN__DUPLICATE_METHOD_MATCH = YES;
				CODE_SIGN_IDENTITY = "iPhone Developer";
				COPY_PHASE_STRIP = NO;
				DEBUG_INFORMATION_FORMAT = dwarf;
				ENABLE_STRICT_OBJC_MSGSEND = YES;
				ENABLE_TESTABILITY = YES;
				GCC_C_LANGUAGE_STANDARD = gnu11;
				GCC_DYNAMIC_NO_PIC = NO;
				GCC_NO_COMMON_BLOCKS = YES;
				GCC_OPTIMIZATION_LEVEL = 0;
				GCC_PREPROCESSOR_DEFINITIONS = (
					"DEBUG=1",
					"$(inherited)",
				);
				GCC_WARN_64_TO_32_BIT_CONVERSION = YES;
				GCC_WARN_ABOUT_RETURN_TYPE = YES_ERROR;
				GCC_WARN_UNDECLARED_SELECTOR = YES;
				GCC_WARN_UNINITIALIZED_AUTOS = YES_AGGRESSIVE;
				GCC_WARN_UNUSED_FUNCTION = YES;
				GCC_WARN_UNUSED_VARIABLE = YES;
				IPHONEOS_DEPLOYMENT_TARGET = 12.0;
				MTL_ENABLE_DEBUG_INFO = INCLUDE_SOURCE;
				MTL_FAST_MATH = YES;
				ONLY_ACTIVE_ARCH = YES;
				SDKROOT = iphoneos;
				SWIFT_ACTIVE_COMPILATION_CONDITIONS = DEBUG;
				SWIFT_OPTIMIZATION_LEVEL = "-Onone";
			};
			name = Debug;
		};
		3FFF485C21C4D7AC0035A817 /* Release */ = {
			isa = XCBuildConfiguration;
			buildSettings = {
				ALWAYS_SEARCH_USER_PATHS = NO;
				CLANG_ANALYZER_NONNULL = YES;
				CLANG_ANALYZER_NUMBER_OBJECT_CONVERSION = YES_AGGRESSIVE;
				CLANG_CXX_LANGUAGE_STANDARD = "gnu++14";
				CLANG_CXX_LIBRARY = "libc++";
				CLANG_ENABLE_MODULES = YES;
				CLANG_ENABLE_OBJC_ARC = YES;
				CLANG_ENABLE_OBJC_WEAK = YES;
				CLANG_WARN_BLOCK_CAPTURE_AUTORELEASING = YES;
				CLANG_WARN_BOOL_CONVERSION = YES;
				CLANG_WARN_COMMA = YES;
				CLANG_WARN_CONSTANT_CONVERSION = YES;
				CLANG_WARN_DEPRECATED_OBJC_IMPLEMENTATIONS = YES;
				CLANG_WARN_DIRECT_OBJC_ISA_USAGE = YES_ERROR;
				CLANG_WARN_DOCUMENTATION_COMMENTS = YES;
				CLANG_WARN_EMPTY_BODY = YES;
				CLANG_WARN_ENUM_CONVERSION = YES;
				CLANG_WARN_INFINITE_RECURSION = YES;
				CLANG_WARN_INT_CONVERSION = YES;
				CLANG_WARN_NON_LITERAL_NULL_CONVERSION = YES;
				CLANG_WARN_OBJC_IMPLICIT_RETAIN_SELF = YES;
				CLANG_WARN_OBJC_LITERAL_CONVERSION = YES;
				CLANG_WARN_OBJC_ROOT_CLASS = YES_ERROR;
				CLANG_WARN_RANGE_LOOP_ANALYSIS = YES;
				CLANG_WARN_STRICT_PROTOTYPES = YES;
				CLANG_WARN_SUSPICIOUS_MOVE = YES;
				CLANG_WARN_UNGUARDED_AVAILABILITY = YES_AGGRESSIVE;
				CLANG_WARN_UNREACHABLE_CODE = YES;
				CLANG_WARN__DUPLICATE_METHOD_MATCH = YES;
				CODE_SIGN_IDENTITY = "iPhone Developer";
				COPY_PHASE_STRIP = NO;
				DEBUG_INFORMATION_FORMAT = "dwarf-with-dsym";
				ENABLE_NS_ASSERTIONS = NO;
				ENABLE_STRICT_OBJC_MSGSEND = YES;
				GCC_C_LANGUAGE_STANDARD = gnu11;
				GCC_NO_COMMON_BLOCKS = YES;
				GCC_WARN_64_TO_32_BIT_CONVERSION = YES;
				GCC_WARN_ABOUT_RETURN_TYPE = YES_ERROR;
				GCC_WARN_UNDECLARED_SELECTOR = YES;
				GCC_WARN_UNINITIALIZED_AUTOS = YES_AGGRESSIVE;
				GCC_WARN_UNUSED_FUNCTION = YES;
				GCC_WARN_UNUSED_VARIABLE = YES;
				IPHONEOS_DEPLOYMENT_TARGET = 12.0;
				MTL_ENABLE_DEBUG_INFO = NO;
				MTL_FAST_MATH = YES;
				SDKROOT = iphoneos;
				SWIFT_COMPILATION_MODE = wholemodule;
				SWIFT_OPTIMIZATION_LEVEL = "-O";
				VALIDATE_PRODUCT = YES;
			};
			name = Release;
		};
		3FFF485E21C4D7AC0035A817 /* Debug */ = {
			isa = XCBuildConfiguration;
			buildSettings = {
				ASSETCATALOG_COMPILER_APPICON_NAME = AppIcon;
				CODE_SIGN_STYLE = Automatic;
				INFOPLIST_FILE = CoreData1/Info.plist;
				LD_RUNPATH_SEARCH_PATHS = (
					"$(inherited)",
					"@executable_path/Frameworks",
				);
				PRODUCT_BUNDLE_IDENTIFIER = "-016110436.CoreData1";
				PRODUCT_NAME = "$(TARGET_NAME)";
				SWIFT_VERSION = 4.2;
				TARGETED_DEVICE_FAMILY = "1,2";
			};
			name = Debug;
		};
		3FFF485F21C4D7AC0035A817 /* Release */ = {
			isa = XCBuildConfiguration;
			buildSettings = {
				ASSETCATALOG_COMPILER_APPICON_NAME = AppIcon;
				CODE_SIGN_STYLE = Automatic;
				INFOPLIST_FILE = CoreData1/Info.plist;
				LD_RUNPATH_SEARCH_PATHS = (
					"$(inherited)",
					"@executable_path/Frameworks",
				);
				PRODUCT_BUNDLE_IDENTIFIER = "-016110436.CoreData1";
				PRODUCT_NAME = "$(TARGET_NAME)";
				SWIFT_VERSION = 4.2;
				TARGETED_DEVICE_FAMILY = "1,2";
			};
			name = Release;
		};
/* End XCBuildConfiguration section */

/* Begin XCConfigurationList section */
		3FFF484321C4D7AA0035A817 /* Build configuration list for PBXProject "CoreData1" */ = {
			isa = XCConfigurationList;
			buildConfigurations = (
				3FFF485B21C4D7AC0035A817 /* Debug */,
				3FFF485C21C4D7AC0035A817 /* Release */,
			);
			defaultConfigurationIsVisible = 0;
			defaultConfigurationName = Release;
		};
		3FFF485D21C4D7AC0035A817 /* Build configuration list for PBXNativeTarget "CoreData1" */ = {
			isa = XCConfigurationList;
			buildConfigurations = (
				3FFF485E21C4D7AC0035A817 /* Debug */,
				3FFF485F21C4D7AC0035A817 /* Release */,
			);
			defaultConfigurationIsVisible = 0;
			defaultConfigurationName = Release;
		};
/* End XCConfigurationList section */

/* Begin XCVersionGroup section */
		3FFF485221C4D7AB0035A817 /* CoreData1.xcdatamodeld */ = {
			isa = XCVersionGroup;
			children = (
				3FFF485321C4D7AB0035A817 /* CoreData1.xcdatamodel */,
			);
			currentVersion = 3FFF485321C4D7AB0035A817 /* CoreData1.xcdatamodel */;
			path = CoreData1.xcdatamodeld;
			sourceTree = "<group>";
			versionGroupType = wrapper.xcdatamodel;
		};
/* End XCVersionGroup section */
	};
	rootObject = 3FFF484021C4D7AA0035A817 /* Project object */;
}
