// !$*UTF8*$!
{
	archiveVersion = 1;
	classes = {
	};
	objectVersion = 50;
	objects = {

/* Begin PBXBuildFile section */
		3F9B048B2192BC5C008A96E9 /* AppDelegate.swift in Sources */ = {isa = PBXBuildFile; fileRef = 3F9B048A2192BC5C008A96E9 /* AppDelegate.swift */; };
		3F9B048D2192BC5C008A96E9 /* ViewController.swift in Sources */ = {isa = PBXBuildFile; fileRef = 3F9B048C2192BC5C008A96E9 /* ViewController.swift */; };
		3F9B04902192BC5C008A96E9 /* Main.storyboard in Resources */ = {isa = PBXBuildFile; fileRef = 3F9B048E2192BC5C008A96E9 /* Main.storyboard */; };
		3F9B04922192BC5E008A96E9 /* Assets.xcassets in Resources */ = {isa = PBXBuildFile; fileRef = 3F9B04912192BC5E008A96E9 /* Assets.xcassets */; };
		3F9B04952192BC5E008A96E9 /* LaunchScreen.storyboard in Resources */ = {isa = PBXBuildFile; fileRef = 3F9B04932192BC5E008A96E9 /* LaunchScreen.storyboard */; };
		3F9B04A02192BC5E008A96E9 /* AlertControllTests.swift in Sources */ = {isa = PBXBuildFile; fileRef = 3F9B049F2192BC5E008A96E9 /* AlertControllTests.swift */; };
		3F9B04AB2192BC5E008A96E9 /* AlertControllUITests.swift in Sources */ = {isa = PBXBuildFile; fileRef = 3F9B04AA2192BC5E008A96E9 /* AlertControllUITests.swift */; };
/* End PBXBuildFile section */

/* Begin PBXContainerItemProxy section */
		3F9B049C2192BC5E008A96E9 /* PBXContainerItemProxy */ = {
			isa = PBXContainerItemProxy;
			containerPortal = 3F9B047F2192BC5C008A96E9 /* Project object */;
			proxyType = 1;
			remoteGlobalIDString = 3F9B04862192BC5C008A96E9;
			remoteInfo = AlertControll;
		};
		3F9B04A72192BC5E008A96E9 /* PBXContainerItemProxy */ = {
			isa = PBXContainerItemProxy;
			containerPortal = 3F9B047F2192BC5C008A96E9 /* Project object */;
			proxyType = 1;
			remoteGlobalIDString = 3F9B04862192BC5C008A96E9;
			remoteInfo = AlertControll;
		};
/* End PBXContainerItemProxy section */

/* Begin PBXFileReference section */
		3F9B04872192BC5C008A96E9 /* AlertControll.app */ = {isa = PBXFileReference; explicitFileType = wrapper.application; includeInIndex = 0; path = AlertControll.app; sourceTree = BUILT_PRODUCTS_DIR; };
		3F9B048A2192BC5C008A96E9 /* AppDelegate.swift */ = {isa = PBXFileReference; lastKnownFileType = sourcecode.swift; path = AppDelegate.swift; sourceTree = "<group>"; };
		3F9B048C2192BC5C008A96E9 /* ViewController.swift */ = {isa = PBXFileReference; lastKnownFileType = sourcecode.swift; path = ViewController.swift; sourceTree = "<group>"; };
		3F9B048F2192BC5C008A96E9 /* Base */ = {isa = PBXFileReference; lastKnownFileType = file.storyboard; name = Base; path = Base.lproj/Main.storyboard; sourceTree = "<group>"; };
		3F9B04912192BC5E008A96E9 /* Assets.xcassets */ = {isa = PBXFileReference; lastKnownFileType = folder.assetcatalog; path = Assets.xcassets; sourceTree = "<group>"; };
		3F9B04942192BC5E008A96E9 /* Base */ = {isa = PBXFileReference; lastKnownFileType = file.storyboard; name = Base; path = Base.lproj/LaunchScreen.storyboard; sourceTree = "<group>"; };
		3F9B04962192BC5E008A96E9 /* Info.plist */ = {isa = PBXFileReference; lastKnownFileType = text.plist.xml; path = Info.plist; sourceTree = "<group>"; };
		3F9B049B2192BC5E008A96E9 /* AlertControllTests.xctest */ = {isa = PBXFileReference; explicitFileType = wrapper.cfbundle; includeInIndex = 0; path = AlertControllTests.xctest; sourceTree = BUILT_PRODUCTS_DIR; };
		3F9B049F2192BC5E008A96E9 /* AlertControllTests.swift */ = {isa = PBXFileReference; lastKnownFileType = sourcecode.swift; path = AlertControllTests.swift; sourceTree = "<group>"; };
		3F9B04A12192BC5E008A96E9 /* Info.plist */ = {isa = PBXFileReference; lastKnownFileType = text.plist.xml; path = Info.plist; sourceTree = "<group>"; };
		3F9B04A62192BC5E008A96E9 /* AlertControllUITests.xctest */ = {isa = PBXFileReference; explicitFileType = wrapper.cfbundle; includeInIndex = 0; path = AlertControllUITests.xctest; sourceTree = BUILT_PRODUCTS_DIR; };
		3F9B04AA2192BC5E008A96E9 /* AlertControllUITests.swift */ = {isa = PBXFileReference; lastKnownFileType = sourcecode.swift; path = AlertControllUITests.swift; sourceTree = "<group>"; };
		3F9B04AC2192BC5E008A96E9 /* Info.plist */ = {isa = PBXFileReference; lastKnownFileType = text.plist.xml; path = Info.plist; sourceTree = "<group>"; };
/* End PBXFileReference section */

/* Begin PBXFrameworksBuildPhase section */
		3F9B04842192BC5C008A96E9 /* Frameworks */ = {
			isa = PBXFrameworksBuildPhase;
			buildActionMask = 2147483647;
			files = (
			);
			runOnlyForDeploymentPostprocessing = 0;
		};
		3F9B04982192BC5E008A96E9 /* Frameworks */ = {
			isa = PBXFrameworksBuildPhase;
			buildActionMask = 2147483647;
			files = (
			);
			runOnlyForDeploymentPostprocessing = 0;
		};
		3F9B04A32192BC5E008A96E9 /* Frameworks */ = {
			isa = PBXFrameworksBuildPhase;
			buildActionMask = 2147483647;
			files = (
			);
			runOnlyForDeploymentPostprocessing = 0;
		};
/* End PBXFrameworksBuildPhase section */

/* Begin PBXGroup section */
		3F9B047E2192BC5C008A96E9 = {
			isa = PBXGroup;
			children = (
				3F9B04892192BC5C008A96E9 /* AlertControll */,
				3F9B049E2192BC5E008A96E9 /* AlertControllTests */,
				3F9B04A92192BC5E008A96E9 /* AlertControllUITests */,
				3F9B04882192BC5C008A96E9 /* Products */,
			);
			sourceTree = "<group>";
		};
		3F9B04882192BC5C008A96E9 /* Products */ = {
			isa = PBXGroup;
			children = (
				3F9B04872192BC5C008A96E9 /* AlertControll.app */,
				3F9B049B2192BC5E008A96E9 /* AlertControllTests.xctest */,
				3F9B04A62192BC5E008A96E9 /* AlertControllUITests.xctest */,
			);
			name = Products;
			sourceTree = "<group>";
		};
		3F9B04892192BC5C008A96E9 /* AlertControll */ = {
			isa = PBXGroup;
			children = (
				3F9B048A2192BC5C008A96E9 /* AppDelegate.swift */,
				3F9B048C2192BC5C008A96E9 /* ViewController.swift */,
				3F9B048E2192BC5C008A96E9 /* Main.storyboard */,
				3F9B04912192BC5E008A96E9 /* Assets.xcassets */,
				3F9B04932192BC5E008A96E9 /* LaunchScreen.storyboard */,
				3F9B04962192BC5E008A96E9 /* Info.plist */,
			);
			path = AlertControll;
			sourceTree = "<group>";
		};
		3F9B049E2192BC5E008A96E9 /* AlertControllTests */ = {
			isa = PBXGroup;
			children = (
				3F9B049F2192BC5E008A96E9 /* AlertControllTests.swift */,
				3F9B04A12192BC5E008A96E9 /* Info.plist */,
			);
			path = AlertControllTests;
			sourceTree = "<group>";
		};
		3F9B04A92192BC5E008A96E9 /* AlertControllUITests */ = {
			isa = PBXGroup;
			children = (
				3F9B04AA2192BC5E008A96E9 /* AlertControllUITests.swift */,
				3F9B04AC2192BC5E008A96E9 /* Info.plist */,
			);
			path = AlertControllUITests;
			sourceTree = "<group>";
		};
/* End PBXGroup section */

/* Begin PBXNativeTarget section */
		3F9B04862192BC5C008A96E9 /* AlertControll */ = {
			isa = PBXNativeTarget;
			buildConfigurationList = 3F9B04AF2192BC5E008A96E9 /* Build configuration list for PBXNativeTarget "AlertControll" */;
			buildPhases = (
				3F9B04832192BC5C008A96E9 /* Sources */,
				3F9B04842192BC5C008A96E9 /* Frameworks */,
				3F9B04852192BC5C008A96E9 /* Resources */,
			);
			buildRules = (
			);
			dependencies = (
			);
			name = AlertControll;
			productName = AlertControll;
			productReference = 3F9B04872192BC5C008A96E9 /* AlertControll.app */;
			productType = "com.apple.product-type.application";
		};
		3F9B049A2192BC5E008A96E9 /* AlertControllTests */ = {
			isa = PBXNativeTarget;
			buildConfigurationList = 3F9B04B22192BC5E008A96E9 /* Build configuration list for PBXNativeTarget "AlertControllTests" */;
			buildPhases = (
				3F9B04972192BC5E008A96E9 /* Sources */,
				3F9B04982192BC5E008A96E9 /* Frameworks */,
				3F9B04992192BC5E008A96E9 /* Resources */,
			);
			buildRules = (
			);
			dependencies = (
				3F9B049D2192BC5E008A96E9 /* PBXTargetDependency */,
			);
			name = AlertControllTests;
			productName = AlertControllTests;
			productReference = 3F9B049B2192BC5E008A96E9 /* AlertControllTests.xctest */;
			productType = "com.apple.product-type.bundle.unit-test";
		};
		3F9B04A52192BC5E008A96E9 /* AlertControllUITests */ = {
			isa = PBXNativeTarget;
			buildConfigurationList = 3F9B04B52192BC5E008A96E9 /* Build configuration list for PBXNativeTarget "AlertControllUITests" */;
			buildPhases = (
				3F9B04A22192BC5E008A96E9 /* Sources */,
				3F9B04A32192BC5E008A96E9 /* Frameworks */,
				3F9B04A42192BC5E008A96E9 /* Resources */,
			);
			buildRules = (
			);
			dependencies = (
				3F9B04A82192BC5E008A96E9 /* PBXTargetDependency */,
			);
			name = AlertControllUITests;
			productName = AlertControllUITests;
			productReference = 3F9B04A62192BC5E008A96E9 /* AlertControllUITests.xctest */;
			productType = "com.apple.product-type.bundle.ui-testing";
		};
/* End PBXNativeTarget section */

/* Begin PBXProject section */
		3F9B047F2192BC5C008A96E9 /* Project object */ = {
			isa = PBXProject;
			attributes = {
				LastSwiftUpdateCheck = 1000;
				LastUpgradeCheck = 1000;
				ORGANIZATIONNAME = student;
				TargetAttributes = {
					3F9B04862192BC5C008A96E9 = {
						CreatedOnToolsVersion = 10.0;
					};
					3F9B049A2192BC5E008A96E9 = {
						CreatedOnToolsVersion = 10.0;
						TestTargetID = 3F9B04862192BC5C008A96E9;
					};
					3F9B04A52192BC5E008A96E9 = {
						CreatedOnToolsVersion = 10.0;
						TestTargetID = 3F9B04862192BC5C008A96E9;
					};
				};
			};
			buildConfigurationList = 3F9B04822192BC5C008A96E9 /* Build configuration list for PBXProject "AlertControll" */;
			compatibilityVersion = "Xcode 9.3";
			developmentRegion = en;
			hasScannedForEncodings = 0;
			knownRegions = (
				en,
				Base,
			);
			mainGroup = 3F9B047E2192BC5C008A96E9;
			productRefGroup = 3F9B04882192BC5C008A96E9 /* Products */;
			projectDirPath = "";
			projectRoot = "";
			targets = (
				3F9B04862192BC5C008A96E9 /* AlertControll */,
				3F9B049A2192BC5E008A96E9 /* AlertControllTests */,
				3F9B04A52192BC5E008A96E9 /* AlertControllUITests */,
			);
		};
/* End PBXProject section */

/* Begin PBXResourcesBuildPhase section */
		3F9B04852192BC5C008A96E9 /* Resources */ = {
			isa = PBXResourcesBuildPhase;
			buildActionMask = 2147483647;
			files = (
				3F9B04952192BC5E008A96E9 /* LaunchScreen.storyboard in Resources */,
				3F9B04922192BC5E008A96E9 /* Assets.xcassets in Resources */,
				3F9B04902192BC5C008A96E9 /* Main.storyboard in Resources */,
			);
			runOnlyForDeploymentPostprocessing = 0;
		};
		3F9B04992192BC5E008A96E9 /* Resources */ = {
			isa = PBXResourcesBuildPhase;
			buildActionMask = 2147483647;
			files = (
			);
			runOnlyForDeploymentPostprocessing = 0;
		};
		3F9B04A42192BC5E008A96E9 /* Resources */ = {
			isa = PBXResourcesBuildPhase;
			buildActionMask = 2147483647;
			files = (
			);
			runOnlyForDeploymentPostprocessing = 0;
		};
/* End PBXResourcesBuildPhase section */

/* Begin PBXSourcesBuildPhase section */
		3F9B04832192BC5C008A96E9 /* Sources */ = {
			isa = PBXSourcesBuildPhase;
			buildActionMask = 2147483647;
			files = (
				3F9B048D2192BC5C008A96E9 /* ViewController.swift in Sources */,
				3F9B048B2192BC5C008A96E9 /* AppDelegate.swift in Sources */,
			);
			runOnlyForDeploymentPostprocessing = 0;
		};
		3F9B04972192BC5E008A96E9 /* Sources */ = {
			isa = PBXSourcesBuildPhase;
			buildActionMask = 2147483647;
			files = (
				3F9B04A02192BC5E008A96E9 /* AlertControllTests.swift in Sources */,
			);
			runOnlyForDeploymentPostprocessing = 0;
		};
		3F9B04A22192BC5E008A96E9 /* Sources */ = {
			isa = PBXSourcesBuildPhase;
			buildActionMask = 2147483647;
			files = (
				3F9B04AB2192BC5E008A96E9 /* AlertControllUITests.swift in Sources */,
			);
			runOnlyForDeploymentPostprocessing = 0;
		};
/* End PBXSourcesBuildPhase section */

/* Begin PBXTargetDependency section */
		3F9B049D2192BC5E008A96E9 /* PBXTargetDependency */ = {
			isa = PBXTargetDependency;
			target = 3F9B04862192BC5C008A96E9 /* AlertControll */;
			targetProxy = 3F9B049C2192BC5E008A96E9 /* PBXContainerItemProxy */;
		};
		3F9B04A82192BC5E008A96E9 /* PBXTargetDependency */ = {
			isa = PBXTargetDependency;
			target = 3F9B04862192BC5C008A96E9 /* AlertControll */;
			targetProxy = 3F9B04A72192BC5E008A96E9 /* PBXContainerItemProxy */;
		};
/* End PBXTargetDependency section */

/* Begin PBXVariantGroup section */
		3F9B048E2192BC5C008A96E9 /* Main.storyboard */ = {
			isa = PBXVariantGroup;
			children = (
				3F9B048F2192BC5C008A96E9 /* Base */,
			);
			name = Main.storyboard;
			sourceTree = "<group>";
		};
		3F9B04932192BC5E008A96E9 /* LaunchScreen.storyboard */ = {
			isa = PBXVariantGroup;
			children = (
				3F9B04942192BC5E008A96E9 /* Base */,
			);
			name = LaunchScreen.storyboard;
			sourceTree = "<group>";
		};
/* End PBXVariantGroup section */

/* Begin XCBuildConfiguration section */
		3F9B04AD2192BC5E008A96E9 /* Debug */ = {
			isa = XCBuildConfiguration;
			buildSettings = {
				ALWAYS_SEARCH_USER_PATHS = NO;
				CLANG_ANALYZER_NONNULL = YES;
				CLANG_ANALYZER_NUMBER_OBJECT_CONVERSION = YES_AGGRESSIVE;
				CLANG_CXX_LANGUAGE_STANDARD = "gnu++14";
				CLANG_CXX_LIBRARY = "libc++";
				CLANG_ENABLE_MODULES = YES;
				CLANG_ENABLE_OBJC_ARC = YES;
				CLANG_ENABLE_OBJC_WEAK = YES;
				CLANG_WARN_BLOCK_CAPTURE_AUTORELEASING = YES;
				CLANG_WARN_BOOL_CONVERSION = YES;
				CLANG_WARN_COMMA = YES;
				CLANG_WARN_CONSTANT_CONVERSION = YES;
				CLANG_WARN_DEPRECATED_OBJC_IMPLEMENTATIONS = YES;
				CLANG_WARN_DIRECT_OBJC_ISA_USAGE = YES_ERROR;
				CLANG_WARN_DOCUMENTATION_COMMENTS = YES;
				CLANG_WARN_EMPTY_BODY = YES;
				CLANG_WARN_ENUM_CONVERSION = YES;
				CLANG_WARN_INFINITE_RECURSION = YES;
				CLANG_WARN_INT_CONVERSION = YES;
				CLANG_WARN_NON_LITERAL_NULL_CONVERSION = YES;
				CLANG_WARN_OBJC_IMPLICIT_RETAIN_SELF = YES;
				CLANG_WARN_OBJC_LITERAL_CONVERSION = YES;
				CLANG_WARN_OBJC_ROOT_CLASS = YES_ERROR;
				CLANG_WARN_RANGE_LOOP_ANALYSIS = YES;
				CLANG_WARN_STRICT_PROTOTYPES = YES;
				CLANG_WARN_SUSPICIOUS_MOVE = YES;
				CLANG_WARN_UNGUARDED_AVAILABILITY = YES_AGGRESSIVE;
				CLANG_WARN_UNREACHABLE_CODE = YES;
				CLANG_WARN__DUPLICATE_METHOD_MATCH = YES;
				CODE_SIGN_IDENTITY = "iPhone Developer";
				COPY_PHASE_STRIP = NO;
				DEBUG_INFORMATION_FORMAT = dwarf;
				ENABLE_STRICT_OBJC_MSGSEND = YES;
				ENABLE_TESTABILITY = YES;
				GCC_C_LANGUAGE_STANDARD = gnu11;
				GCC_DYNAMIC_NO_PIC = NO;
				GCC_NO_COMMON_BLOCKS = YES;
				GCC_OPTIMIZATION_LEVEL = 0;
				GCC_PREPROCESSOR_DEFINITIONS = (
					"DEBUG=1",
					"$(inherited)",
				);
				GCC_WARN_64_TO_32_BIT_CONVERSION = YES;
				GCC_WARN_ABOUT_RETURN_TYPE = YES_ERROR;
				GCC_WARN_UNDECLARED_SELECTOR = YES;
				GCC_WARN_UNINITIALIZED_AUTOS = YES_AGGRESSIVE;
				GCC_WARN_UNUSED_FUNCTION = YES;
				GCC_WARN_UNUSED_VARIABLE = YES;
				IPHONEOS_DEPLOYMENT_TARGET = 12.0;
				MTL_ENABLE_DEBUG_INFO = INCLUDE_SOURCE;
				MTL_FAST_MATH = YES;
				ONLY_ACTIVE_ARCH = YES;
				SDKROOT = iphoneos;
				SWIFT_ACTIVE_COMPILATION_CONDITIONS = DEBUG;
				SWIFT_OPTIMIZATION_LEVEL = "-Onone";
			};
			name = Debug;
		};
		3F9B04AE2192BC5E008A96E9 /* Release */ = {
			isa = XCBuildConfiguration;
			buildSettings = {
				ALWAYS_SEARCH_USER_PATHS = NO;
				CLANG_ANALYZER_NONNULL = YES;
				CLANG_ANALYZER_NUMBER_OBJECT_CONVERSION = YES_AGGRESSIVE;
				CLANG_CXX_LANGUAGE_STANDARD = "gnu++14";
				CLANG_CXX_LIBRARY = "libc++";
				CLANG_ENABLE_MODULES = YES;
				CLANG_ENABLE_OBJC_ARC = YES;
				CLANG_ENABLE_OBJC_WEAK = YES;
				CLANG_WARN_BLOCK_CAPTURE_AUTORELEASING = YES;
				CLANG_WARN_BOOL_CONVERSION = YES;
				CLANG_WARN_COMMA = YES;
				CLANG_WARN_CONSTANT_CONVERSION = YES;
				CLANG_WARN_DEPRECATED_OBJC_IMPLEMENTATIONS = YES;
				CLANG_WARN_DIRECT_OBJC_ISA_USAGE = YES_ERROR;
				CLANG_WARN_DOCUMENTATION_COMMENTS = YES;
				CLANG_WARN_EMPTY_BODY = YES;
				CLANG_WARN_ENUM_CONVERSION = YES;
				CLANG_WARN_INFINITE_RECURSION = YES;
				CLANG_WARN_INT_CONVERSION = YES;
				CLANG_WARN_NON_LITERAL_NULL_CONVERSION = YES;
				CLANG_WARN_OBJC_IMPLICIT_RETAIN_SELF = YES;
				CLANG_WARN_OBJC_LITERAL_CONVERSION = YES;
				CLANG_WARN_OBJC_ROOT_CLASS = YES_ERROR;
				CLANG_WARN_RANGE_LOOP_ANALYSIS = YES;
				CLANG_WARN_STRICT_PROTOTYPES = YES;
				CLANG_WARN_SUSPICIOUS_MOVE = YES;
				CLANG_WARN_UNGUARDED_AVAILABILITY = YES_AGGRESSIVE;
				CLANG_WARN_UNREACHABLE_CODE = YES;
				CLANG_WARN__DUPLICATE_METHOD_MATCH = YES;
				CODE_SIGN_IDENTITY = "iPhone Developer";
				COPY_PHASE_STRIP = NO;
				DEBUG_INFORMATION_FORMAT = "dwarf-with-dsym";
				ENABLE_NS_ASSERTIONS = NO;
				ENABLE_STRICT_OBJC_MSGSEND = YES;
				GCC_C_LANGUAGE_STANDARD = gnu11;
				GCC_NO_COMMON_BLOCKS = YES;
				GCC_WARN_64_TO_32_BIT_CONVERSION = YES;
				GCC_WARN_ABOUT_RETURN_TYPE = YES_ERROR;
				GCC_WARN_UNDECLARED_SELECTOR = YES;
				GCC_WARN_UNINITIALIZED_AUTOS = YES_AGGRESSIVE;
				GCC_WARN_UNUSED_FUNCTION = YES;
				GCC_WARN_UNUSED_VARIABLE = YES;
				IPHONEOS_DEPLOYMENT_TARGET = 12.0;
				MTL_ENABLE_DEBUG_INFO = NO;
				MTL_FAST_MATH = YES;
				SDKROOT = iphoneos;
				SWIFT_COMPILATION_MODE = wholemodule;
				SWIFT_OPTIMIZATION_LEVEL = "-O";
				VALIDATE_PRODUCT = YES;
			};
			name = Release;
		};
		3F9B04B02192BC5E008A96E9 /* Debug */ = {
			isa = XCBuildConfiguration;
			buildSettings = {
				ASSETCATALOG_COMPILER_APPICON_NAME = AppIcon;
				CODE_SIGN_STYLE = Automatic;
				INFOPLIST_FILE = AlertControll/Info.plist;
				LD_RUNPATH_SEARCH_PATHS = (
					"$(inherited)",
					"@executable_path/Frameworks",
				);
				PRODUCT_BUNDLE_IDENTIFIER = "-36.AlertControll";
				PRODUCT_NAME = "$(TARGET_NAME)";
				SWIFT_VERSION = 4.2;
				TARGETED_DEVICE_FAMILY = "1,2";
			};
			name = Debug;
		};
		3F9B04B12192BC5E008A96E9 /* Release */ = {
			isa = XCBuildConfiguration;
			buildSettings = {
				ASSETCATALOG_COMPILER_APPICON_NAME = AppIcon;
				CODE_SIGN_STYLE = Automatic;
				INFOPLIST_FILE = AlertControll/Info.plist;
				LD_RUNPATH_SEARCH_PATHS = (
					"$(inherited)",
					"@executable_path/Frameworks",
				);
				PRODUCT_BUNDLE_IDENTIFIER = "-36.AlertControll";
				PRODUCT_NAME = "$(TARGET_NAME)";
				SWIFT_VERSION = 4.2;
				TARGETED_DEVICE_FAMILY = "1,2";
			};
			name = Release;
		};
		3F9B04B32192BC5E008A96E9 /* Debug */ = {
			isa = XCBuildConfiguration;
			buildSettings = {
				ALWAYS_EMBED_SWIFT_STANDARD_LIBRARIES = YES;
				BUNDLE_LOADER = "$(TEST_HOST)";
				CODE_SIGN_STYLE = Automatic;
				INFOPLIST_FILE = AlertControllTests/Info.plist;
				LD_RUNPATH_SEARCH_PATHS = (
					"$(inherited)",
					"@executable_path/Frameworks",
					"@loader_path/Frameworks",
				);
				PRODUCT_BUNDLE_IDENTIFIER = "-36.AlertControllTests";
				PRODUCT_NAME = "$(TARGET_NAME)";
				SWIFT_VERSION = 4.2;
				TARGETED_DEVICE_FAMILY = "1,2";
				TEST_HOST = "$(BUILT_PRODUCTS_DIR)/AlertControll.app/AlertControll";
			};
			name = Debug;
		};
		3F9B04B42192BC5E008A96E9 /* Release */ = {
			isa = XCBuildConfiguration;
			buildSettings = {
				ALWAYS_EMBED_SWIFT_STANDARD_LIBRARIES = YES;
				BUNDLE_LOADER = "$(TEST_HOST)";
				CODE_SIGN_STYLE = Automatic;
				INFOPLIST_FILE = AlertControllTests/Info.plist;
				LD_RUNPATH_SEARCH_PATHS = (
					"$(inherited)",
					"@executable_path/Frameworks",
					"@loader_path/Frameworks",
				);
				PRODUCT_BUNDLE_IDENTIFIER = "-36.AlertControllTests";
				PRODUCT_NAME = "$(TARGET_NAME)";
				SWIFT_VERSION = 4.2;
				TARGETED_DEVICE_FAMILY = "1,2";
				TEST_HOST = "$(BUILT_PRODUCTS_DIR)/AlertControll.app/AlertControll";
			};
			name = Release;
		};
		3F9B04B62192BC5E008A96E9 /* Debug */ = {
			isa = XCBuildConfiguration;
			buildSettings = {
				ALWAYS_EMBED_SWIFT_STANDARD_LIBRARIES = YES;
				CODE_SIGN_STYLE = Automatic;
				INFOPLIST_FILE = AlertControllUITests/Info.plist;
				LD_RUNPATH_SEARCH_PATHS = (
					"$(inherited)",
					"@executable_path/Frameworks",
					"@loader_path/Frameworks",
				);
				PRODUCT_BUNDLE_IDENTIFIER = "-36.AlertControllUITests";
				PRODUCT_NAME = "$(TARGET_NAME)";
				SWIFT_VERSION = 4.2;
				TARGETED_DEVICE_FAMILY = "1,2";
				TEST_TARGET_NAME = AlertControll;
			};
			name = Debug;
		};
		3F9B04B72192BC5E008A96E9 /* Release */ = {
			isa = XCBuildConfiguration;
			buildSettings = {
				ALWAYS_EMBED_SWIFT_STANDARD_LIBRARIES = YES;
				CODE_SIGN_STYLE = Automatic;
				INFOPLIST_FILE = AlertControllUITests/Info.plist;
				LD_RUNPATH_SEARCH_PATHS = (
					"$(inherited)",
					"@executable_path/Frameworks",
					"@loader_path/Frameworks",
				);
				PRODUCT_BUNDLE_IDENTIFIER = "-36.AlertControllUITests";
				PRODUCT_NAME = "$(TARGET_NAME)";
				SWIFT_VERSION = 4.2;
				TARGETED_DEVICE_FAMILY = "1,2";
				TEST_TARGET_NAME = AlertControll;
			};
			name = Release;
		};
/* End XCBuildConfiguration section */

/* Begin XCConfigurationList section */
		3F9B04822192BC5C008A96E9 /* Build configuration list for PBXProject "AlertControll" */ = {
			isa = XCConfigurationList;
			buildConfigurations = (
				3F9B04AD2192BC5E008A96E9 /* Debug */,
				3F9B04AE2192BC5E008A96E9 /* Release */,
			);
			defaultConfigurationIsVisible = 0;
			defaultConfigurationName = Release;
		};
		3F9B04AF2192BC5E008A96E9 /* Build configuration list for PBXNativeTarget "AlertControll" */ = {
			isa = XCConfigurationList;
			buildConfigurations = (
				3F9B04B02192BC5E008A96E9 /* Debug */,
				3F9B04B12192BC5E008A96E9 /* Release */,
			);
			defaultConfigurationIsVisible = 0;
			defaultConfigurationName = Release;
		};
		3F9B04B22192BC5E008A96E9 /* Build configuration list for PBXNativeTarget "AlertControllTests" */ = {
			isa = XCConfigurationList;
			buildConfigurations = (
				3F9B04B32192BC5E008A96E9 /* Debug */,
				3F9B04B42192BC5E008A96E9 /* Release */,
			);
			defaultConfigurationIsVisible = 0;
			defaultConfigurationName = Release;
		};
		3F9B04B52192BC5E008A96E9 /* Build configuration list for PBXNativeTarget "AlertControllUITests" */ = {
			isa = XCConfigurationList;
			buildConfigurations = (
				3F9B04B62192BC5E008A96E9 /* Debug */,
				3F9B04B72192BC5E008A96E9 /* Release */,
			);
			defaultConfigurationIsVisible = 0;
			defaultConfigurationName = Release;
		};
/* End XCConfigurationList section */
	};
	rootObject = 3F9B047F2192BC5C008A96E9 /* Project object */;
}
